// !$*UTF8*$!
{
	archiveVersion = 1;
	classes = {
	};
	objectVersion = 56;
	objects = {

/* Begin PBXBuildFile section */
		5728F8CB2B5EA9B0001D3600 /* PurchaseRootView.swift in Sources */ = {isa = PBXBuildFile; fileRef = 5728F8CA2B5EA9B0001D3600 /* PurchaseRootView.swift */; };
		5728F8CE2B5ECA37001D3600 /* PaymentViewController.swift in Sources */ = {isa = PBXBuildFile; fileRef = 5728F8CD2B5ECA37001D3600 /* PaymentViewController.swift */; };
		5728F8D02B5ECA45001D3600 /* PaymentViewModel.swift in Sources */ = {isa = PBXBuildFile; fileRef = 5728F8CF2B5ECA45001D3600 /* PaymentViewModel.swift */; };
		5736A56E2B52719D00010D8A /* Numeric+Extension.swift in Sources */ = {isa = PBXBuildFile; fileRef = 5736A56D2B52719D00010D8A /* Numeric+Extension.swift */; };
		5736A5722B53939A00010D8A /* HomeCouponButtonCollectionViewCell.swift in Sources */ = {isa = PBXBuildFile; fileRef = 5736A5712B53939A00010D8A /* HomeCouponButtonCollectionViewCell.swift */; };
		5736A5742B53A97700010D8A /* HomeSeparateLineCollectionViewCell.swift in Sources */ = {isa = PBXBuildFile; fileRef = 5736A5732B53A97700010D8A /* HomeSeparateLineCollectionViewCell.swift */; };
		5736A5762B53DD6500010D8A /* HomeThemeCollectionViewCell.swift in Sources */ = {isa = PBXBuildFile; fileRef = 5736A5752B53DD6500010D8A /* HomeThemeCollectionViewCell.swift */; };
		5736A5782B53E24A00010D8A /* HomethemeHeaderCollectionReusableView.swift in Sources */ = {isa = PBXBuildFile; fileRef = 5736A5772B53E24A00010D8A /* HomethemeHeaderCollectionReusableView.swift */; };
		5736A5AB2B57C12200010D8A /* FavoriteViewController.swift in Sources */ = {isa = PBXBuildFile; fileRef = 5736A5AA2B57C12200010D8A /* FavoriteViewController.swift */; };
		5736A5AD2B57C12900010D8A /* Favorite.storyboard in Resources */ = {isa = PBXBuildFile; fileRef = 5736A5AC2B57C12900010D8A /* Favorite.storyboard */; };
		5736A5AF2B57C13E00010D8A /* FavoriteViewModel.swift in Sources */ = {isa = PBXBuildFile; fileRef = 5736A5AE2B57C13E00010D8A /* FavoriteViewModel.swift */; };
		5736A5B12B57C2AA00010D8A /* FavoriteResponse.swift in Sources */ = {isa = PBXBuildFile; fileRef = 5736A5B02B57C2AA00010D8A /* FavoriteResponse.swift */; };
		5736A5B32B57C32B00010D8A /* Product.swift in Sources */ = {isa = PBXBuildFile; fileRef = 5736A5B22B57C32B00010D8A /* Product.swift */; };
		5736A5B62B57C69A00010D8A /* PurchaseButton.swift in Sources */ = {isa = PBXBuildFile; fileRef = 5736A5B52B57C69A00010D8A /* PurchaseButton.swift */; };
		5736A5B82B57DD7F00010D8A /* FavoriteItemTableViewCell.swift in Sources */ = {isa = PBXBuildFile; fileRef = 5736A5B72B57DD7F00010D8A /* FavoriteItemTableViewCell.swift */; };
		5736A5BC2B58053F00010D8A /* DetailRootView.swift in Sources */ = {isa = PBXBuildFile; fileRef = 5736A5BB2B58053F00010D8A /* DetailRootView.swift */; };
		5736A5BE2B58056300010D8A /* DetailViewModel.swift in Sources */ = {isa = PBXBuildFile; fileRef = 5736A5BD2B58056300010D8A /* DetailViewModel.swift */; };
		5736A5C02B58064A00010D8A /* ProductDetailResponse.swift in Sources */ = {isa = PBXBuildFile; fileRef = 5736A5BF2B58064A00010D8A /* ProductDetailResponse.swift */; };
		5736A5C22B5808B400010D8A /* DetailBannerView.swift in Sources */ = {isa = PBXBuildFile; fileRef = 5736A5C12B5808B400010D8A /* DetailBannerView.swift */; };
		5736A5C42B580AF400010D8A /* DetailRateView.swift in Sources */ = {isa = PBXBuildFile; fileRef = 5736A5C32B580AF400010D8A /* DetailRateView.swift */; };
		5736A5C62B580F7100010D8A /* DetailOptionView.swift in Sources */ = {isa = PBXBuildFile; fileRef = 5736A5C52B580F7100010D8A /* DetailOptionView.swift */; };
		5736A5C82B58117800010D8A /* DetailPriceView.swift in Sources */ = {isa = PBXBuildFile; fileRef = 5736A5C72B58117800010D8A /* DetailPriceView.swift */; };
		5736A5CA2B581F7800010D8A /* DetailMoreView.swift in Sources */ = {isa = PBXBuildFile; fileRef = 5736A5C92B581F7800010D8A /* DetailMoreView.swift */; };
		5736A5CC2B5820FE00010D8A /* DetailPurchaseView.swift in Sources */ = {isa = PBXBuildFile; fileRef = 5736A5CB2B5820FE00010D8A /* DetailPurchaseView.swift */; };
		5736A5CE2B58285B00010D8A /* Detail.storyboard in Resources */ = {isa = PBXBuildFile; fileRef = 5736A5CD2B58285B00010D8A /* Detail.storyboard */; };
		5736A5D02B58287000010D8A /* DetailViewController.swift in Sources */ = {isa = PBXBuildFile; fileRef = 5736A5CF2B58287000010D8A /* DetailViewController.swift */; };
		5736A5D32B58B9FB00010D8A /* OptionViewController.swift in Sources */ = {isa = PBXBuildFile; fileRef = 5736A5D22B58B9FB00010D8A /* OptionViewController.swift */; };
		5736A5D52B58BA0300010D8A /* OptionViewModel.swift in Sources */ = {isa = PBXBuildFile; fileRef = 5736A5D42B58BA0300010D8A /* OptionViewModel.swift */; };
		5736A5D72B58BA0C00010D8A /* OptionRootView.swift in Sources */ = {isa = PBXBuildFile; fileRef = 5736A5D62B58BA0C00010D8A /* OptionRootView.swift */; };
		5736A5DA2B58BDAB00010D8A /* PurchaseViewController.swift in Sources */ = {isa = PBXBuildFile; fileRef = 5736A5D92B58BDAB00010D8A /* PurchaseViewController.swift */; };
		5736A5DC2B58BDB400010D8A /* PurchaseViewModel.swift in Sources */ = {isa = PBXBuildFile; fileRef = 5736A5DB2B58BDB400010D8A /* PurchaseViewModel.swift */; };
		5736A5DF2B58C29E00010D8A /* PurchaseSelectedItemView.swift in Sources */ = {isa = PBXBuildFile; fileRef = 5736A5DE2B58C29E00010D8A /* PurchaseSelectedItemView.swift */; };
		57F9168F2B495EE60021331E /* AppDelegate.swift in Sources */ = {isa = PBXBuildFile; fileRef = 57F9168E2B495EE60021331E /* AppDelegate.swift */; };
		57F916912B495EE60021331E /* SceneDelegate.swift in Sources */ = {isa = PBXBuildFile; fileRef = 57F916902B495EE60021331E /* SceneDelegate.swift */; };
		57F916982B495EE80021331E /* Assets.xcassets in Resources */ = {isa = PBXBuildFile; fileRef = 57F916972B495EE80021331E /* Assets.xcassets */; };
		57F9169B2B495EE80021331E /* LaunchScreen.storyboard in Resources */ = {isa = PBXBuildFile; fileRef = 57F916992B495EE80021331E /* LaunchScreen.storyboard */; };
		57F916A32B4960FC0021331E /* Splash.storyboard in Resources */ = {isa = PBXBuildFile; fileRef = 57F916A22B4960FC0021331E /* Splash.storyboard */; };
		57F916A52B4961210021331E /* SplashViewController.swift in Sources */ = {isa = PBXBuildFile; fileRef = 57F916A42B4961210021331E /* SplashViewController.swift */; };
		57F916A82B497B3B0021331E /* Lottie in Frameworks */ = {isa = PBXBuildFile; productRef = 57F916A72B497B3B0021331E /* Lottie */; };
		57F916AB2B497D440021331E /* Images.xcassets in Resources */ = {isa = PBXBuildFile; fileRef = 57F916AA2B497D440021331E /* Images.xcassets */; };
		57F916AD2B497EDE0021331E /* CPImage.swift in Sources */ = {isa = PBXBuildFile; fileRef = 57F916AC2B497EDE0021331E /* CPImage.swift */; };
		57F916AF2B49817C0021331E /* Colors.xcassets in Resources */ = {isa = PBXBuildFile; fileRef = 57F916AE2B49817C0021331E /* Colors.xcassets */; };
		57F916B12B49832D0021331E /* CPColor.swift in Sources */ = {isa = PBXBuildFile; fileRef = 57F916B02B49832D0021331E /* CPColor.swift */; };
		57F916B32B4984170021331E /* CPFont.swift in Sources */ = {isa = PBXBuildFile; fileRef = 57F916B22B4984170021331E /* CPFont.swift */; };
		57F916B52B4BE7E30021331E /* Home.storyboard in Resources */ = {isa = PBXBuildFile; fileRef = 57F916B42B4BE7E30021331E /* Home.storyboard */; };
		57F916B72B4BE7F40021331E /* HomeViewController.swift in Sources */ = {isa = PBXBuildFile; fileRef = 57F916B62B4BE7F40021331E /* HomeViewController.swift */; };
		57F916BD2B4BF6730021331E /* HomeBannerCollectionViewCell.swift in Sources */ = {isa = PBXBuildFile; fileRef = 57F916BC2B4BF6730021331E /* HomeBannerCollectionViewCell.swift */; };
		57F916BF2B4D2D660021331E /* HomeProductCollectionViewCell.swift in Sources */ = {isa = PBXBuildFile; fileRef = 57F916BE2B4D2D660021331E /* HomeProductCollectionViewCell.swift */; };
		57F916C32B4D8AE40021331E /* NetworkService.swift in Sources */ = {isa = PBXBuildFile; fileRef = 57F916C22B4D8AE40021331E /* NetworkService.swift */; };
		57F916C62B4D8BD80021331E /* HomeResponse.swift in Sources */ = {isa = PBXBuildFile; fileRef = 57F916C52B4D8BD80021331E /* HomeResponse.swift */; };
		57F916C92B4D8FA50021331E /* Kingfisher in Frameworks */ = {isa = PBXBuildFile; productRef = 57F916C82B4D8FA50021331E /* Kingfisher */; };
		57F916CB2B4D91AF0021331E /* HomeViewModel.swift in Sources */ = {isa = PBXBuildFile; fileRef = 57F916CA2B4D91AF0021331E /* HomeViewModel.swift */; };
/* End PBXBuildFile section */

/* Begin PBXFileReference section */
		5728F8CA2B5EA9B0001D3600 /* PurchaseRootView.swift */ = {isa = PBXFileReference; lastKnownFileType = sourcecode.swift; path = PurchaseRootView.swift; sourceTree = "<group>"; };
		5728F8CD2B5ECA37001D3600 /* PaymentViewController.swift */ = {isa = PBXFileReference; lastKnownFileType = sourcecode.swift; path = PaymentViewController.swift; sourceTree = "<group>"; };
		5728F8CF2B5ECA45001D3600 /* PaymentViewModel.swift */ = {isa = PBXFileReference; lastKnownFileType = sourcecode.swift; path = PaymentViewModel.swift; sourceTree = "<group>"; };
		5736A56D2B52719D00010D8A /* Numeric+Extension.swift */ = {isa = PBXFileReference; lastKnownFileType = sourcecode.swift; path = "Numeric+Extension.swift"; sourceTree = "<group>"; };
		5736A5712B53939A00010D8A /* HomeCouponButtonCollectionViewCell.swift */ = {isa = PBXFileReference; lastKnownFileType = sourcecode.swift; path = HomeCouponButtonCollectionViewCell.swift; sourceTree = "<group>"; };
		5736A5732B53A97700010D8A /* HomeSeparateLineCollectionViewCell.swift */ = {isa = PBXFileReference; lastKnownFileType = sourcecode.swift; path = HomeSeparateLineCollectionViewCell.swift; sourceTree = "<group>"; };
		5736A5752B53DD6500010D8A /* HomeThemeCollectionViewCell.swift */ = {isa = PBXFileReference; lastKnownFileType = sourcecode.swift; path = HomeThemeCollectionViewCell.swift; sourceTree = "<group>"; };
		5736A5772B53E24A00010D8A /* HomethemeHeaderCollectionReusableView.swift */ = {isa = PBXFileReference; lastKnownFileType = sourcecode.swift; path = HomethemeHeaderCollectionReusableView.swift; sourceTree = "<group>"; };
		5736A5AA2B57C12200010D8A /* FavoriteViewController.swift */ = {isa = PBXFileReference; lastKnownFileType = sourcecode.swift; path = FavoriteViewController.swift; sourceTree = "<group>"; };
		5736A5AC2B57C12900010D8A /* Favorite.storyboard */ = {isa = PBXFileReference; lastKnownFileType = file.storyboard; path = Favorite.storyboard; sourceTree = "<group>"; };
		5736A5AE2B57C13E00010D8A /* FavoriteViewModel.swift */ = {isa = PBXFileReference; lastKnownFileType = sourcecode.swift; path = FavoriteViewModel.swift; sourceTree = "<group>"; };
		5736A5B02B57C2AA00010D8A /* FavoriteResponse.swift */ = {isa = PBXFileReference; lastKnownFileType = sourcecode.swift; path = FavoriteResponse.swift; sourceTree = "<group>"; };
		5736A5B22B57C32B00010D8A /* Product.swift */ = {isa = PBXFileReference; lastKnownFileType = sourcecode.swift; path = Product.swift; sourceTree = "<group>"; };
		5736A5B52B57C69A00010D8A /* PurchaseButton.swift */ = {isa = PBXFileReference; lastKnownFileType = sourcecode.swift; path = PurchaseButton.swift; sourceTree = "<group>"; };
		5736A5B72B57DD7F00010D8A /* FavoriteItemTableViewCell.swift */ = {isa = PBXFileReference; lastKnownFileType = sourcecode.swift; path = FavoriteItemTableViewCell.swift; sourceTree = "<group>"; };
		5736A5BB2B58053F00010D8A /* DetailRootView.swift */ = {isa = PBXFileReference; lastKnownFileType = sourcecode.swift; path = DetailRootView.swift; sourceTree = "<group>"; };
		5736A5BD2B58056300010D8A /* DetailViewModel.swift */ = {isa = PBXFileReference; lastKnownFileType = sourcecode.swift; path = DetailViewModel.swift; sourceTree = "<group>"; };
		5736A5BF2B58064A00010D8A /* ProductDetailResponse.swift */ = {isa = PBXFileReference; lastKnownFileType = sourcecode.swift; path = ProductDetailResponse.swift; sourceTree = "<group>"; };
		5736A5C12B5808B400010D8A /* DetailBannerView.swift */ = {isa = PBXFileReference; lastKnownFileType = sourcecode.swift; path = DetailBannerView.swift; sourceTree = "<group>"; };
		5736A5C32B580AF400010D8A /* DetailRateView.swift */ = {isa = PBXFileReference; lastKnownFileType = sourcecode.swift; path = DetailRateView.swift; sourceTree = "<group>"; };
		5736A5C52B580F7100010D8A /* DetailOptionView.swift */ = {isa = PBXFileReference; lastKnownFileType = sourcecode.swift; path = DetailOptionView.swift; sourceTree = "<group>"; };
		5736A5C72B58117800010D8A /* DetailPriceView.swift */ = {isa = PBXFileReference; lastKnownFileType = sourcecode.swift; path = DetailPriceView.swift; sourceTree = "<group>"; };
		5736A5C92B581F7800010D8A /* DetailMoreView.swift */ = {isa = PBXFileReference; lastKnownFileType = sourcecode.swift; path = DetailMoreView.swift; sourceTree = "<group>"; };
		5736A5CB2B5820FE00010D8A /* DetailPurchaseView.swift */ = {isa = PBXFileReference; lastKnownFileType = sourcecode.swift; path = DetailPurchaseView.swift; sourceTree = "<group>"; };
		5736A5CD2B58285B00010D8A /* Detail.storyboard */ = {isa = PBXFileReference; lastKnownFileType = file.storyboard; path = Detail.storyboard; sourceTree = "<group>"; };
		5736A5CF2B58287000010D8A /* DetailViewController.swift */ = {isa = PBXFileReference; lastKnownFileType = sourcecode.swift; path = DetailViewController.swift; sourceTree = "<group>"; };
		5736A5D22B58B9FB00010D8A /* OptionViewController.swift */ = {isa = PBXFileReference; lastKnownFileType = sourcecode.swift; path = OptionViewController.swift; sourceTree = "<group>"; };
		5736A5D42B58BA0300010D8A /* OptionViewModel.swift */ = {isa = PBXFileReference; lastKnownFileType = sourcecode.swift; path = OptionViewModel.swift; sourceTree = "<group>"; };
		5736A5D62B58BA0C00010D8A /* OptionRootView.swift */ = {isa = PBXFileReference; lastKnownFileType = sourcecode.swift; path = OptionRootView.swift; sourceTree = "<group>"; };
		5736A5D92B58BDAB00010D8A /* PurchaseViewController.swift */ = {isa = PBXFileReference; lastKnownFileType = sourcecode.swift; path = PurchaseViewController.swift; sourceTree = "<group>"; };
		5736A5DB2B58BDB400010D8A /* PurchaseViewModel.swift */ = {isa = PBXFileReference; lastKnownFileType = sourcecode.swift; path = PurchaseViewModel.swift; sourceTree = "<group>"; };
		5736A5DE2B58C29E00010D8A /* PurchaseSelectedItemView.swift */ = {isa = PBXFileReference; lastKnownFileType = sourcecode.swift; path = PurchaseSelectedItemView.swift; sourceTree = "<group>"; };
		57F9168B2B495EE60021331E /* CCommerce.app */ = {isa = PBXFileReference; explicitFileType = wrapper.application; includeInIndex = 0; path = CCommerce.app; sourceTree = BUILT_PRODUCTS_DIR; };
		57F9168E2B495EE60021331E /* AppDelegate.swift */ = {isa = PBXFileReference; lastKnownFileType = sourcecode.swift; path = AppDelegate.swift; sourceTree = "<group>"; };
		57F916902B495EE60021331E /* SceneDelegate.swift */ = {isa = PBXFileReference; lastKnownFileType = sourcecode.swift; path = SceneDelegate.swift; sourceTree = "<group>"; };
		57F916972B495EE80021331E /* Assets.xcassets */ = {isa = PBXFileReference; lastKnownFileType = folder.assetcatalog; path = Assets.xcassets; sourceTree = "<group>"; };
		57F9169A2B495EE80021331E /* Base */ = {isa = PBXFileReference; lastKnownFileType = file.storyboard; name = Base; path = Base.lproj/LaunchScreen.storyboard; sourceTree = "<group>"; };
		57F9169C2B495EE80021331E /* Info.plist */ = {isa = PBXFileReference; lastKnownFileType = text.plist.xml; path = Info.plist; sourceTree = "<group>"; };
		57F916A22B4960FC0021331E /* Splash.storyboard */ = {isa = PBXFileReference; lastKnownFileType = file.storyboard; path = Splash.storyboard; sourceTree = "<group>"; };
		57F916A42B4961210021331E /* SplashViewController.swift */ = {isa = PBXFileReference; lastKnownFileType = sourcecode.swift; path = SplashViewController.swift; sourceTree = "<group>"; };
		57F916AA2B497D440021331E /* Images.xcassets */ = {isa = PBXFileReference; lastKnownFileType = folder.assetcatalog; path = Images.xcassets; sourceTree = "<group>"; };
		57F916AC2B497EDE0021331E /* CPImage.swift */ = {isa = PBXFileReference; lastKnownFileType = sourcecode.swift; path = CPImage.swift; sourceTree = "<group>"; };
		57F916AE2B49817C0021331E /* Colors.xcassets */ = {isa = PBXFileReference; lastKnownFileType = folder.assetcatalog; path = Colors.xcassets; sourceTree = "<group>"; };
		57F916B02B49832D0021331E /* CPColor.swift */ = {isa = PBXFileReference; lastKnownFileType = sourcecode.swift; path = CPColor.swift; sourceTree = "<group>"; };
		57F916B22B4984170021331E /* CPFont.swift */ = {isa = PBXFileReference; lastKnownFileType = sourcecode.swift; path = CPFont.swift; sourceTree = "<group>"; };
		57F916B42B4BE7E30021331E /* Home.storyboard */ = {isa = PBXFileReference; lastKnownFileType = file.storyboard; path = Home.storyboard; sourceTree = "<group>"; };
		57F916B62B4BE7F40021331E /* HomeViewController.swift */ = {isa = PBXFileReference; lastKnownFileType = sourcecode.swift; path = HomeViewController.swift; sourceTree = "<group>"; };
		57F916BC2B4BF6730021331E /* HomeBannerCollectionViewCell.swift */ = {isa = PBXFileReference; lastKnownFileType = sourcecode.swift; path = HomeBannerCollectionViewCell.swift; sourceTree = "<group>"; };
		57F916BE2B4D2D660021331E /* HomeProductCollectionViewCell.swift */ = {isa = PBXFileReference; lastKnownFileType = sourcecode.swift; path = HomeProductCollectionViewCell.swift; sourceTree = "<group>"; };
		57F916C22B4D8AE40021331E /* NetworkService.swift */ = {isa = PBXFileReference; lastKnownFileType = sourcecode.swift; path = NetworkService.swift; sourceTree = "<group>"; };
		57F916C52B4D8BD80021331E /* HomeResponse.swift */ = {isa = PBXFileReference; lastKnownFileType = sourcecode.swift; path = HomeResponse.swift; sourceTree = "<group>"; };
		57F916CA2B4D91AF0021331E /* HomeViewModel.swift */ = {isa = PBXFileReference; lastKnownFileType = sourcecode.swift; path = HomeViewModel.swift; sourceTree = "<group>"; };
/* End PBXFileReference section */

/* Begin PBXFrameworksBuildPhase section */
		57F916882B495EE60021331E /* Frameworks */ = {
			isa = PBXFrameworksBuildPhase;
			buildActionMask = 2147483647;
			files = (
				57F916C92B4D8FA50021331E /* Kingfisher in Frameworks */,
				57F916A82B497B3B0021331E /* Lottie in Frameworks */,
			);
			runOnlyForDeploymentPostprocessing = 0;
		};
/* End PBXFrameworksBuildPhase section */

/* Begin PBXGroup section */
		5728F8C92B5EA98C001D3600 /* View */ = {
			isa = PBXGroup;
			children = (
				5728F8CA2B5EA9B0001D3600 /* PurchaseRootView.swift */,
			);
			path = View;
			sourceTree = "<group>";
		};
		5728F8CC2B5ECA28001D3600 /* Payment */ = {
			isa = PBXGroup;
			children = (
				5728F8CD2B5ECA37001D3600 /* PaymentViewController.swift */,
				5728F8CF2B5ECA45001D3600 /* PaymentViewModel.swift */,
			);
			path = Payment;
			sourceTree = "<group>";
		};
		5736A56C2B52718700010D8A /* Extensions */ = {
			isa = PBXGroup;
			children = (
				5736A56D2B52719D00010D8A /* Numeric+Extension.swift */,
			);
			path = Extensions;
			sourceTree = "<group>";
		};
		5736A5A92B57C0FF00010D8A /* Favorite */ = {
			isa = PBXGroup;
			children = (
				5736A5B42B57C68900010D8A /* View */,
				5736A5AC2B57C12900010D8A /* Favorite.storyboard */,
				5736A5AA2B57C12200010D8A /* FavoriteViewController.swift */,
				5736A5AE2B57C13E00010D8A /* FavoriteViewModel.swift */,
			);
			path = Favorite;
			sourceTree = "<group>";
		};
		5736A5B42B57C68900010D8A /* View */ = {
			isa = PBXGroup;
			children = (
				5736A5B72B57DD7F00010D8A /* FavoriteItemTableViewCell.swift */,
				5736A5B52B57C69A00010D8A /* PurchaseButton.swift */,
			);
			path = View;
			sourceTree = "<group>";
		};
		5736A5B92B5804FE00010D8A /* Detail */ = {
			isa = PBXGroup;
			children = (
				5736A5BA2B58053100010D8A /* View */,
				5736A5BD2B58056300010D8A /* DetailViewModel.swift */,
				5736A5CD2B58285B00010D8A /* Detail.storyboard */,
				5736A5CF2B58287000010D8A /* DetailViewController.swift */,
			);
			path = Detail;
			sourceTree = "<group>";
		};
		5736A5BA2B58053100010D8A /* View */ = {
			isa = PBXGroup;
			children = (
				5736A5BB2B58053F00010D8A /* DetailRootView.swift */,
				5736A5C12B5808B400010D8A /* DetailBannerView.swift */,
				5736A5C32B580AF400010D8A /* DetailRateView.swift */,
				5736A5C52B580F7100010D8A /* DetailOptionView.swift */,
				5736A5C72B58117800010D8A /* DetailPriceView.swift */,
				5736A5C92B581F7800010D8A /* DetailMoreView.swift */,
				5736A5CB2B5820FE00010D8A /* DetailPurchaseView.swift */,
			);
			path = View;
			sourceTree = "<group>";
		};
		5736A5D12B58B9DC00010D8A /* Option */ = {
			isa = PBXGroup;
			children = (
				5736A5D22B58B9FB00010D8A /* OptionViewController.swift */,
				5736A5D42B58BA0300010D8A /* OptionViewModel.swift */,
				5736A5D62B58BA0C00010D8A /* OptionRootView.swift */,
			);
			path = Option;
			sourceTree = "<group>";
		};
		5736A5D82B58BD9600010D8A /* Purchase */ = {
			isa = PBXGroup;
			children = (
				5728F8C92B5EA98C001D3600 /* View */,
				5736A5D92B58BDAB00010D8A /* PurchaseViewController.swift */,
				5736A5DB2B58BDB400010D8A /* PurchaseViewModel.swift */,
				5736A5DE2B58C29E00010D8A /* PurchaseSelectedItemView.swift */,
			);
			path = Purchase;
			sourceTree = "<group>";
		};
		57F916822B495EE60021331E = {
			isa = PBXGroup;
			children = (
				57F9168D2B495EE60021331E /* CCommerce */,
				57F9168C2B495EE60021331E /* Products */,
			);
			sourceTree = "<group>";
		};
		57F9168C2B495EE60021331E /* Products */ = {
			isa = PBXGroup;
			children = (
				57F9168B2B495EE60021331E /* CCommerce.app */,
			);
			name = Products;
			sourceTree = "<group>";
		};
		57F9168D2B495EE60021331E /* CCommerce */ = {
			isa = PBXGroup;
			children = (
				5736A56C2B52718700010D8A /* Extensions */,
				57F916BB2B4BEB710021331E /* Delegates */,
				57F916A92B497D170021331E /* DesignSource */,
				57F916C12B4D8AD40021331E /* Network */,
				57F916B82B4BEB420021331E /* Feature */,
				57F916C42B4D8BAE0021331E /* Model */,
				57F9169C2B495EE80021331E /* Info.plist */,
			);
			path = CCommerce;
			sourceTree = "<group>";
		};
		57F916A92B497D170021331E /* DesignSource */ = {
			isa = PBXGroup;
			children = (
				57F916972B495EE80021331E /* Assets.xcassets */,
				57F916AA2B497D440021331E /* Images.xcassets */,
				57F916AE2B49817C0021331E /* Colors.xcassets */,
				57F916AC2B497EDE0021331E /* CPImage.swift */,
				57F916B02B49832D0021331E /* CPColor.swift */,
				57F916B22B4984170021331E /* CPFont.swift */,
			);
			path = DesignSource;
			sourceTree = "<group>";
		};
		57F916B82B4BEB420021331E /* Feature */ = {
			isa = PBXGroup;
			children = (
				57F916B92B4BEB540021331E /* Splash */,
				57F916BA2B4BEB600021331E /* Home */,
				5736A5A92B57C0FF00010D8A /* Favorite */,
				5736A5B92B5804FE00010D8A /* Detail */,
				5736A5D12B58B9DC00010D8A /* Option */,
				5736A5D82B58BD9600010D8A /* Purchase */,
				5728F8CC2B5ECA28001D3600 /* Payment */,
			);
			path = Feature;
			sourceTree = "<group>";
		};
		57F916B92B4BEB540021331E /* Splash */ = {
			isa = PBXGroup;
			children = (
				57F916992B495EE80021331E /* LaunchScreen.storyboard */,
				57F916A22B4960FC0021331E /* Splash.storyboard */,
				57F916A42B4961210021331E /* SplashViewController.swift */,
			);
			path = Splash;
			sourceTree = "<group>";
		};
		57F916BA2B4BEB600021331E /* Home */ = {
			isa = PBXGroup;
			children = (
				57F916C02B4D85400021331E /* View */,
				57F916B42B4BE7E30021331E /* Home.storyboard */,
				57F916B62B4BE7F40021331E /* HomeViewController.swift */,
				57F916CA2B4D91AF0021331E /* HomeViewModel.swift */,
			);
			path = Home;
			sourceTree = "<group>";
		};
		57F916BB2B4BEB710021331E /* Delegates */ = {
			isa = PBXGroup;
			children = (
				57F9168E2B495EE60021331E /* AppDelegate.swift */,
				57F916902B495EE60021331E /* SceneDelegate.swift */,
			);
			path = Delegates;
			sourceTree = "<group>";
		};
		57F916C02B4D85400021331E /* View */ = {
			isa = PBXGroup;
			children = (
				57F916BC2B4BF6730021331E /* HomeBannerCollectionViewCell.swift */,
				57F916BE2B4D2D660021331E /* HomeProductCollectionViewCell.swift */,
				5736A5712B53939A00010D8A /* HomeCouponButtonCollectionViewCell.swift */,
				5736A5732B53A97700010D8A /* HomeSeparateLineCollectionViewCell.swift */,
				5736A5752B53DD6500010D8A /* HomeThemeCollectionViewCell.swift */,
				5736A5772B53E24A00010D8A /* HomethemeHeaderCollectionReusableView.swift */,
			);
			path = View;
			sourceTree = "<group>";
		};
		57F916C12B4D8AD40021331E /* Network */ = {
			isa = PBXGroup;
			children = (
				57F916C22B4D8AE40021331E /* NetworkService.swift */,
			);
			path = Network;
			sourceTree = "<group>";
		};
		57F916C42B4D8BAE0021331E /* Model */ = {
			isa = PBXGroup;
			children = (
				57F916C52B4D8BD80021331E /* HomeResponse.swift */,
				5736A5B02B57C2AA00010D8A /* FavoriteResponse.swift */,
				5736A5B22B57C32B00010D8A /* Product.swift */,
				5736A5BF2B58064A00010D8A /* ProductDetailResponse.swift */,
			);
			path = Model;
			sourceTree = "<group>";
		};
/* End PBXGroup section */

/* Begin PBXNativeTarget section */
		57F9168A2B495EE60021331E /* CCommerce */ = {
			isa = PBXNativeTarget;
			buildConfigurationList = 57F9169F2B495EE80021331E /* Build configuration list for PBXNativeTarget "CCommerce" */;
			buildPhases = (
				57F916872B495EE60021331E /* Sources */,
				57F916882B495EE60021331E /* Frameworks */,
				57F916892B495EE60021331E /* Resources */,
			);
			buildRules = (
			);
			dependencies = (
			);
			name = CCommerce;
			packageProductDependencies = (
				57F916A72B497B3B0021331E /* Lottie */,
				57F916C82B4D8FA50021331E /* Kingfisher */,
			);
			productName = CCommerce;
			productReference = 57F9168B2B495EE60021331E /* CCommerce.app */;
			productType = "com.apple.product-type.application";
		};
/* End PBXNativeTarget section */

/* Begin PBXProject section */
		57F916832B495EE60021331E /* Project object */ = {
			isa = PBXProject;
			attributes = {
				BuildIndependentTargetsInParallel = 1;
				LastSwiftUpdateCheck = 1510;
				LastUpgradeCheck = 1510;
				TargetAttributes = {
					57F9168A2B495EE60021331E = {
						CreatedOnToolsVersion = 15.1;
					};
				};
			};
			buildConfigurationList = 57F916862B495EE60021331E /* Build configuration list for PBXProject "CCommerce" */;
			compatibilityVersion = "Xcode 14.0";
			developmentRegion = en;
			hasScannedForEncodings = 0;
			knownRegions = (
				en,
				Base,
			);
			mainGroup = 57F916822B495EE60021331E;
			packageReferences = (
				57F916A62B497B3B0021331E /* XCRemoteSwiftPackageReference "lottie-ios" */,
				57F916C72B4D8FA50021331E /* XCRemoteSwiftPackageReference "Kingfisher" */,
			);
			productRefGroup = 57F9168C2B495EE60021331E /* Products */;
			projectDirPath = "";
			projectRoot = "";
			targets = (
				57F9168A2B495EE60021331E /* CCommerce */,
			);
		};
/* End PBXProject section */

/* Begin PBXResourcesBuildPhase section */
		57F916892B495EE60021331E /* Resources */ = {
			isa = PBXResourcesBuildPhase;
			buildActionMask = 2147483647;
			files = (
				57F916B52B4BE7E30021331E /* Home.storyboard in Resources */,
				57F9169B2B495EE80021331E /* LaunchScreen.storyboard in Resources */,
				5736A5AD2B57C12900010D8A /* Favorite.storyboard in Resources */,
				5736A5CE2B58285B00010D8A /* Detail.storyboard in Resources */,
				57F916AB2B497D440021331E /* Images.xcassets in Resources */,
				57F916982B495EE80021331E /* Assets.xcassets in Resources */,
				57F916AF2B49817C0021331E /* Colors.xcassets in Resources */,
				57F916A32B4960FC0021331E /* Splash.storyboard in Resources */,
			);
			runOnlyForDeploymentPostprocessing = 0;
		};
/* End PBXResourcesBuildPhase section */

/* Begin PBXSourcesBuildPhase section */
		57F916872B495EE60021331E /* Sources */ = {
			isa = PBXSourcesBuildPhase;
			buildActionMask = 2147483647;
			files = (
				5736A5D02B58287000010D8A /* DetailViewController.swift in Sources */,
				57F916C32B4D8AE40021331E /* NetworkService.swift in Sources */,
				57F916B12B49832D0021331E /* CPColor.swift in Sources */,
				5728F8CB2B5EA9B0001D3600 /* PurchaseRootView.swift in Sources */,
				5736A5DA2B58BDAB00010D8A /* PurchaseViewController.swift in Sources */,
				5736A5D32B58B9FB00010D8A /* OptionViewController.swift in Sources */,
				5736A5DF2B58C29E00010D8A /* PurchaseSelectedItemView.swift in Sources */,
				57F916BF2B4D2D660021331E /* HomeProductCollectionViewCell.swift in Sources */,
				57F9168F2B495EE60021331E /* AppDelegate.swift in Sources */,
				5736A5AB2B57C12200010D8A /* FavoriteViewController.swift in Sources */,
				5736A5D72B58BA0C00010D8A /* OptionRootView.swift in Sources */,
				5736A5C82B58117800010D8A /* DetailPriceView.swift in Sources */,
				5736A56E2B52719D00010D8A /* Numeric+Extension.swift in Sources */,
				5736A5782B53E24A00010D8A /* HomethemeHeaderCollectionReusableView.swift in Sources */,
				5736A5B82B57DD7F00010D8A /* FavoriteItemTableViewCell.swift in Sources */,
				5736A5AF2B57C13E00010D8A /* FavoriteViewModel.swift in Sources */,
				5736A5C42B580AF400010D8A /* DetailRateView.swift in Sources */,
				5736A5C02B58064A00010D8A /* ProductDetailResponse.swift in Sources */,
				5736A5722B53939A00010D8A /* HomeCouponButtonCollectionViewCell.swift in Sources */,
				5728F8D02B5ECA45001D3600 /* PaymentViewModel.swift in Sources */,
				5728F8CE2B5ECA37001D3600 /* PaymentViewController.swift in Sources */,
				57F916B72B4BE7F40021331E /* HomeViewController.swift in Sources */,
				5736A5B62B57C69A00010D8A /* PurchaseButton.swift in Sources */,
				57F916B32B4984170021331E /* CPFont.swift in Sources */,
				5736A5BE2B58056300010D8A /* DetailViewModel.swift in Sources */,
				57F916AD2B497EDE0021331E /* CPImage.swift in Sources */,
				5736A5C62B580F7100010D8A /* DetailOptionView.swift in Sources */,
				57F916CB2B4D91AF0021331E /* HomeViewModel.swift in Sources */,
				5736A5C22B5808B400010D8A /* DetailBannerView.swift in Sources */,
				57F916912B495EE60021331E /* SceneDelegate.swift in Sources */,
				57F916A52B4961210021331E /* SplashViewController.swift in Sources */,
				5736A5BC2B58053F00010D8A /* DetailRootView.swift in Sources */,
				57F916BD2B4BF6730021331E /* HomeBannerCollectionViewCell.swift in Sources */,
				5736A5DC2B58BDB400010D8A /* PurchaseViewModel.swift in Sources */,
				5736A5CA2B581F7800010D8A /* DetailMoreView.swift in Sources */,
				5736A5B12B57C2AA00010D8A /* FavoriteResponse.swift in Sources */,
				5736A5762B53DD6500010D8A /* HomeThemeCollectionViewCell.swift in Sources */,
				5736A5CC2B5820FE00010D8A /* DetailPurchaseView.swift in Sources */,
				5736A5D52B58BA0300010D8A /* OptionViewModel.swift in Sources */,
				5736A5742B53A97700010D8A /* HomeSeparateLineCollectionViewCell.swift in Sources */,
				57F916C62B4D8BD80021331E /* HomeResponse.swift in Sources */,
				5736A5B32B57C32B00010D8A /* Product.swift in Sources */,
			);
			runOnlyForDeploymentPostprocessing = 0;
		};
/* End PBXSourcesBuildPhase section */

/* Begin PBXVariantGroup section */
		57F916992B495EE80021331E /* LaunchScreen.storyboard */ = {
			isa = PBXVariantGroup;
			children = (
				57F9169A2B495EE80021331E /* Base */,
			);
			name = LaunchScreen.storyboard;
			sourceTree = "<group>";
		};
/* End PBXVariantGroup section */

/* Begin XCBuildConfiguration section */
		57F9169D2B495EE80021331E /* Debug */ = {
			isa = XCBuildConfiguration;
			buildSettings = {
				ALWAYS_SEARCH_USER_PATHS = NO;
				ASSETCATALOG_COMPILER_GENERATE_SWIFT_ASSET_SYMBOL_EXTENSIONS = YES;
				CLANG_ANALYZER_NONNULL = YES;
				CLANG_ANALYZER_NUMBER_OBJECT_CONVERSION = YES_AGGRESSIVE;
				CLANG_CXX_LANGUAGE_STANDARD = "gnu++20";
				CLANG_ENABLE_MODULES = YES;
				CLANG_ENABLE_OBJC_ARC = YES;
				CLANG_ENABLE_OBJC_WEAK = YES;
				CLANG_WARN_BLOCK_CAPTURE_AUTORELEASING = YES;
				CLANG_WARN_BOOL_CONVERSION = YES;
				CLANG_WARN_COMMA = YES;
				CLANG_WARN_CONSTANT_CONVERSION = YES;
				CLANG_WARN_DEPRECATED_OBJC_IMPLEMENTATIONS = YES;
				CLANG_WARN_DIRECT_OBJC_ISA_USAGE = YES_ERROR;
				CLANG_WARN_DOCUMENTATION_COMMENTS = YES;
				CLANG_WARN_EMPTY_BODY = YES;
				CLANG_WARN_ENUM_CONVERSION = YES;
				CLANG_WARN_INFINITE_RECURSION = YES;
				CLANG_WARN_INT_CONVERSION = YES;
				CLANG_WARN_NON_LITERAL_NULL_CONVERSION = YES;
				CLANG_WARN_OBJC_IMPLICIT_RETAIN_SELF = YES;
				CLANG_WARN_OBJC_LITERAL_CONVERSION = YES;
				CLANG_WARN_OBJC_ROOT_CLASS = YES_ERROR;
				CLANG_WARN_QUOTED_INCLUDE_IN_FRAMEWORK_HEADER = YES;
				CLANG_WARN_RANGE_LOOP_ANALYSIS = YES;
				CLANG_WARN_STRICT_PROTOTYPES = YES;
				CLANG_WARN_SUSPICIOUS_MOVE = YES;
				CLANG_WARN_UNGUARDED_AVAILABILITY = YES_AGGRESSIVE;
				CLANG_WARN_UNREACHABLE_CODE = YES;
				CLANG_WARN__DUPLICATE_METHOD_MATCH = YES;
				COPY_PHASE_STRIP = NO;
				DEBUG_INFORMATION_FORMAT = dwarf;
				ENABLE_STRICT_OBJC_MSGSEND = YES;
				ENABLE_TESTABILITY = YES;
				ENABLE_USER_SCRIPT_SANDBOXING = YES;
				GCC_C_LANGUAGE_STANDARD = gnu17;
				GCC_DYNAMIC_NO_PIC = NO;
				GCC_NO_COMMON_BLOCKS = YES;
				GCC_OPTIMIZATION_LEVEL = 0;
				GCC_PREPROCESSOR_DEFINITIONS = (
					"DEBUG=1",
					"$(inherited)",
				);
				GCC_WARN_64_TO_32_BIT_CONVERSION = YES;
				GCC_WARN_ABOUT_RETURN_TYPE = YES_ERROR;
				GCC_WARN_UNDECLARED_SELECTOR = YES;
				GCC_WARN_UNINITIALIZED_AUTOS = YES_AGGRESSIVE;
				GCC_WARN_UNUSED_FUNCTION = YES;
				GCC_WARN_UNUSED_VARIABLE = YES;
				IPHONEOS_DEPLOYMENT_TARGET = 17.2;
				LOCALIZATION_PREFERS_STRING_CATALOGS = YES;
				MTL_ENABLE_DEBUG_INFO = INCLUDE_SOURCE;
				MTL_FAST_MATH = YES;
				ONLY_ACTIVE_ARCH = YES;
				SDKROOT = iphoneos;
				SWIFT_ACTIVE_COMPILATION_CONDITIONS = "DEBUG $(inherited)";
				SWIFT_OPTIMIZATION_LEVEL = "-Onone";
			};
			name = Debug;
		};
		57F9169E2B495EE80021331E /* Release */ = {
			isa = XCBuildConfiguration;
			buildSettings = {
				ALWAYS_SEARCH_USER_PATHS = NO;
				ASSETCATALOG_COMPILER_GENERATE_SWIFT_ASSET_SYMBOL_EXTENSIONS = YES;
				CLANG_ANALYZER_NONNULL = YES;
				CLANG_ANALYZER_NUMBER_OBJECT_CONVERSION = YES_AGGRESSIVE;
				CLANG_CXX_LANGUAGE_STANDARD = "gnu++20";
				CLANG_ENABLE_MODULES = YES;
				CLANG_ENABLE_OBJC_ARC = YES;
				CLANG_ENABLE_OBJC_WEAK = YES;
				CLANG_WARN_BLOCK_CAPTURE_AUTORELEASING = YES;
				CLANG_WARN_BOOL_CONVERSION = YES;
				CLANG_WARN_COMMA = YES;
				CLANG_WARN_CONSTANT_CONVERSION = YES;
				CLANG_WARN_DEPRECATED_OBJC_IMPLEMENTATIONS = YES;
				CLANG_WARN_DIRECT_OBJC_ISA_USAGE = YES_ERROR;
				CLANG_WARN_DOCUMENTATION_COMMENTS = YES;
				CLANG_WARN_EMPTY_BODY = YES;
				CLANG_WARN_ENUM_CONVERSION = YES;
				CLANG_WARN_INFINITE_RECURSION = YES;
				CLANG_WARN_INT_CONVERSION = YES;
				CLANG_WARN_NON_LITERAL_NULL_CONVERSION = YES;
				CLANG_WARN_OBJC_IMPLICIT_RETAIN_SELF = YES;
				CLANG_WARN_OBJC_LITERAL_CONVERSION = YES;
				CLANG_WARN_OBJC_ROOT_CLASS = YES_ERROR;
				CLANG_WARN_QUOTED_INCLUDE_IN_FRAMEWORK_HEADER = YES;
				CLANG_WARN_RANGE_LOOP_ANALYSIS = YES;
				CLANG_WARN_STRICT_PROTOTYPES = YES;
				CLANG_WARN_SUSPICIOUS_MOVE = YES;
				CLANG_WARN_UNGUARDED_AVAILABILITY = YES_AGGRESSIVE;
				CLANG_WARN_UNREACHABLE_CODE = YES;
				CLANG_WARN__DUPLICATE_METHOD_MATCH = YES;
				COPY_PHASE_STRIP = NO;
				DEBUG_INFORMATION_FORMAT = "dwarf-with-dsym";
				ENABLE_NS_ASSERTIONS = NO;
				ENABLE_STRICT_OBJC_MSGSEND = YES;
				ENABLE_USER_SCRIPT_SANDBOXING = YES;
				GCC_C_LANGUAGE_STANDARD = gnu17;
				GCC_NO_COMMON_BLOCKS = YES;
				GCC_WARN_64_TO_32_BIT_CONVERSION = YES;
				GCC_WARN_ABOUT_RETURN_TYPE = YES_ERROR;
				GCC_WARN_UNDECLARED_SELECTOR = YES;
				GCC_WARN_UNINITIALIZED_AUTOS = YES_AGGRESSIVE;
				GCC_WARN_UNUSED_FUNCTION = YES;
				GCC_WARN_UNUSED_VARIABLE = YES;
				IPHONEOS_DEPLOYMENT_TARGET = 17.2;
				LOCALIZATION_PREFERS_STRING_CATALOGS = YES;
				MTL_ENABLE_DEBUG_INFO = NO;
				MTL_FAST_MATH = YES;
				SDKROOT = iphoneos;
				SWIFT_COMPILATION_MODE = wholemodule;
				VALIDATE_PRODUCT = YES;
			};
			name = Release;
		};
		57F916A02B495EE80021331E /* Debug */ = {
			isa = XCBuildConfiguration;
			buildSettings = {
				ASSETCATALOG_COMPILER_APPICON_NAME = AppIcon;
				ASSETCATALOG_COMPILER_GLOBAL_ACCENT_COLOR_NAME = AccentColor;
				CODE_SIGN_STYLE = Automatic;
				CURRENT_PROJECT_VERSION = 1;
				DEVELOPMENT_TEAM = 5DFZR8RCQR;
				GENERATE_INFOPLIST_FILE = YES;
				INFOPLIST_FILE = CCommerce/Info.plist;
				INFOPLIST_KEY_UIApplicationSupportsIndirectInputEvents = YES;
				INFOPLIST_KEY_UILaunchStoryboardName = LaunchScreen;
				INFOPLIST_KEY_UIMainStoryboardFile = Splash;
				INFOPLIST_KEY_UISupportedInterfaceOrientations_iPad = "UIInterfaceOrientationPortrait UIInterfaceOrientationPortraitUpsideDown UIInterfaceOrientationLandscapeLeft UIInterfaceOrientationLandscapeRight";
				INFOPLIST_KEY_UISupportedInterfaceOrientations_iPhone = "UIInterfaceOrientationPortrait UIInterfaceOrientationLandscapeLeft UIInterfaceOrientationLandscapeRight";
				LD_RUNPATH_SEARCH_PATHS = (
					"$(inherited)",
					"@executable_path/Frameworks",
				);
				MARKETING_VERSION = 1.0;
				PRODUCT_BUNDLE_IDENTIFIER = kr.co.study.ios.fastcampus.CCommerce;
				PRODUCT_NAME = "$(TARGET_NAME)";
				SWIFT_EMIT_LOC_STRINGS = YES;
				SWIFT_VERSION = 5.0;
				TARGETED_DEVICE_FAMILY = "1,2";
			};
			name = Debug;
		};
		57F916A12B495EE80021331E /* Release */ = {
			isa = XCBuildConfiguration;
			buildSettings = {
				ASSETCATALOG_COMPILER_APPICON_NAME = AppIcon;
				ASSETCATALOG_COMPILER_GLOBAL_ACCENT_COLOR_NAME = AccentColor;
				CODE_SIGN_STYLE = Automatic;
				CURRENT_PROJECT_VERSION = 1;
				DEVELOPMENT_TEAM = 5DFZR8RCQR;
				GENERATE_INFOPLIST_FILE = YES;
				INFOPLIST_FILE = CCommerce/Info.plist;
				INFOPLIST_KEY_UIApplicationSupportsIndirectInputEvents = YES;
				INFOPLIST_KEY_UILaunchStoryboardName = LaunchScreen;
				INFOPLIST_KEY_UIMainStoryboardFile = Splash;
				INFOPLIST_KEY_UISupportedInterfaceOrientations_iPad = "UIInterfaceOrientationPortrait UIInterfaceOrientationPortraitUpsideDown UIInterfaceOrientationLandscapeLeft UIInterfaceOrientationLandscapeRight";
				INFOPLIST_KEY_UISupportedInterfaceOrientations_iPhone = "UIInterfaceOrientationPortrait UIInterfaceOrientationLandscapeLeft UIInterfaceOrientationLandscapeRight";
				LD_RUNPATH_SEARCH_PATHS = (
					"$(inherited)",
					"@executable_path/Frameworks",
				);
				MARKETING_VERSION = 1.0;
				PRODUCT_BUNDLE_IDENTIFIER = kr.co.study.ios.fastcampus.CCommerce;
				PRODUCT_NAME = "$(TARGET_NAME)";
				SWIFT_EMIT_LOC_STRINGS = YES;
				SWIFT_VERSION = 5.0;
				TARGETED_DEVICE_FAMILY = "1,2";
			};
			name = Release;
		};
/* End XCBuildConfiguration section */

/* Begin XCConfigurationList section */
		57F916862B495EE60021331E /* Build configuration list for PBXProject "CCommerce" */ = {
			isa = XCConfigurationList;
			buildConfigurations = (
				57F9169D2B495EE80021331E /* Debug */,
				57F9169E2B495EE80021331E /* Release */,
			);
			defaultConfigurationIsVisible = 0;
			defaultConfigurationName = Release;
		};
		57F9169F2B495EE80021331E /* Build configuration list for PBXNativeTarget "CCommerce" */ = {
			isa = XCConfigurationList;
			buildConfigurations = (
				57F916A02B495EE80021331E /* Debug */,
				57F916A12B495EE80021331E /* Release */,
			);
			defaultConfigurationIsVisible = 0;
			defaultConfigurationName = Release;
		};
/* End XCConfigurationList section */

/* Begin XCRemoteSwiftPackageReference section */
		57F916A62B497B3B0021331E /* XCRemoteSwiftPackageReference "lottie-ios" */ = {
			isa = XCRemoteSwiftPackageReference;
			repositoryURL = "https://github.com/airbnb/lottie-ios";
			requirement = {
				kind = upToNextMajorVersion;
				minimumVersion = 4.3.4;
			};
		};
		57F916C72B4D8FA50021331E /* XCRemoteSwiftPackageReference "Kingfisher" */ = {
			isa = XCRemoteSwiftPackageReference;
			repositoryURL = "https://github.com/onevcat/Kingfisher.git";
			requirement = {
				kind = upToNextMajorVersion;
				minimumVersion = 7.10.1;
			};
		};
/* End XCRemoteSwiftPackageReference section */

/* Begin XCSwiftPackageProductDependency section */
		57F916A72B497B3B0021331E /* Lottie */ = {
			isa = XCSwiftPackageProductDependency;
			package = 57F916A62B497B3B0021331E /* XCRemoteSwiftPackageReference "lottie-ios" */;
			productName = Lottie;
		};
		57F916C82B4D8FA50021331E /* Kingfisher */ = {
			isa = XCSwiftPackageProductDependency;
			package = 57F916C72B4D8FA50021331E /* XCRemoteSwiftPackageReference "Kingfisher" */;
			productName = Kingfisher;
		};
/* End XCSwiftPackageProductDependency section */
	};
	rootObject = 57F916832B495EE60021331E /* Project object */;
}
